
Microsoft Visual Studio Solution File, Format Version 12.00
# Visual Studio 14
VisualStudioVersion = 14.0.25420.1
MinimumVisualStudioVersion = 10.0.40219.1
Project("{FAE04EC0-301F-11D3-BF4B-00C04F79EFBC}") = "HarryPotter", "HarryPotter.csproj", "{38E41E3C-86D2-47F1-9FE3-899789757127}"
EndProject
Project("{FAE04EC0-301F-11D3-BF4B-00C04F79EFBC}") = "HarryPotterTests", "..\HarryPotterTests\HarryPotterTests.csproj", "{9075E2D9-00AB-49AA-A866-A4D6806FACD8}"
EndProject
Project("{FAE04EC0-301F-11D3-BF4B-00C04F79EFBC}") = "HarryPotterLib", "..\HarryPotterLib\HarryPotterLib.csproj", "{67380FD0-263F-4C42-8160-95BEA8147BAE}"
EndProject
Global
	GlobalSection(SolutionConfigurationPlatforms) = preSolution
		Debug|Any CPU = Debug|Any CPU
		Release|Any CPU = Release|Any CPU
	EndGlobalSection
	GlobalSection(ProjectConfigurationPlatforms) = postSolution
		{38E41E3C-86D2-47F1-9FE3-899789757127}.Debug|Any CPU.ActiveCfg = Debug|Any CPU
		{38E41E3C-86D2-47F1-9FE3-899789757127}.Debug|Any CPU.Build.0 = Debug|Any CPU
		{38E41E3C-86D2-47F1-9FE3-899789757127}.Release|Any CPU.ActiveCfg = Release|Any CPU
		{38E41E3C-86D2-47F1-9FE3-899789757127}.Release|Any CPU.Build.0 = Release|Any CPU
		{9075E2D9-00AB-49AA-A866-A4D6806FACD8}.Debug|Any CPU.ActiveCfg = Debug|Any CPU
		{9075E2D9-00AB-49AA-A866-A4D6806FACD8}.Debug|Any CPU.Build.0 = Debug|Any CPU
		{9075E2D9-00AB-49AA-A866-A4D6806FACD8}.Release|Any CPU.ActiveCfg = Release|Any CPU
		{9075E2D9-00AB-49AA-A866-A4D6806FACD8}.Release|Any CPU.Build.0 = Release|Any CPU
		{67380FD0-263F-4C42-8160-95BEA8147BAE}.Debug|Any CPU.ActiveCfg = Debug|Any CPU
		{67380FD0-263F-4C42-8160-95BEA8147BAE}.Debug|Any CPU.Build.0 = Debug|Any CPU
		{67380FD0-263F-4C42-8160-95BEA8147BAE}.Release|Any CPU.ActiveCfg = Release|Any CPU
		{67380FD0-263F-4C42-8160-95BEA8147BAE}.Release|Any CPU.Build.0 = Release|Any CPU
	EndGlobalSection
	GlobalSection(SolutionProperties) = preSolution
		HideSolutionNode = FALSE
	EndGlobalSection
EndGlobal
